
Microsoft Visual Studio Solution File, Format Version 12.00
# Visual Studio 15
VisualStudioVersion = 15.0.28307.1500
MinimumVisualStudioVersion = 10.0.40219.1
Project("{888888A0-9F3D-457C-B088-3A5042F75D52}") = "DocumentClassificationServer", "DocumentClassificationServer\DocumentClassificationServer.pyproj", "{E8F972D7-39DD-478F-8199-7C9FE3C06AE4}"
EndProject
Global
	GlobalSection(SolutionConfigurationPlatforms) = preSolution
		Debug|Any CPU = Debug|Any CPU
		Release|Any CPU = Release|Any CPU
	EndGlobalSection
	GlobalSection(ProjectConfigurationPlatforms) = postSolution
		{E8F972D7-39DD-478F-8199-7C9FE3C06AE4}.Debug|Any CPU.ActiveCfg = Debug|Any CPU
		{E8F972D7-39DD-478F-8199-7C9FE3C06AE4}.Release|Any CPU.ActiveCfg = Release|Any CPU
	EndGlobalSection
	GlobalSection(SolutionProperties) = preSolution
		HideSolutionNode = FALSE
	EndGlobalSection
	GlobalSection(ExtensibilityGlobals) = postSolution
		SolutionGuid = {BD92E164-2B68-476A-8905-1810FEDF03A8}
	EndGlobalSection
EndGlobal
